
Microsoft Visual Studio Solution File, Format Version 11.00
# Visual Studio 2010
Project("{FAE04EC0-301F-11D3-BF4B-00C04F79EFBC}") = "Oculus.Platform", "Oculus.Platform.csproj", "{0341c32e-ff6a-7bdd-eaf2-9b7b8f7c1d3b}"
EndProject
Project("{FAE04EC0-301F-11D3-BF4B-00C04F79EFBC}") = "Assembly-CSharp", "Assembly-CSharp.csproj", "{ade8dcbf-c5af-881d-b509-be68ffdf361d}"
EndProject
Project("{FAE04EC0-301F-11D3-BF4B-00C04F79EFBC}") = "Oculus.Spatializer", "Oculus.Spatializer.csproj", "{85350a29-5c82-5af1-381a-5f9a42b1df64}"
EndProject
Project("{FAE04EC0-301F-11D3-BF4B-00C04F79EFBC}") = "Oculus.Interaction", "Oculus.Interaction.csproj", "{009fc6fc-6875-5d42-6eb7-67617fa0d205}"
EndProject
Project("{FAE04EC0-301F-11D3-BF4B-00C04F79EFBC}") = "Meta.WitAi", "Meta.WitAi.csproj", "{b6307ea5-7f1b-f1bf-ec4d-e29114b9b518}"
EndProject
Project("{FAE04EC0-301F-11D3-BF4B-00C04F79EFBC}") = "Oculus.Interaction.OVR.Samples", "Oculus.Interaction.OVR.Samples.csproj", "{5dd2c893-5016-d039-a4f6-62b9bf6c4668}"
EndProject
Project("{FAE04EC0-301F-11D3-BF4B-00C04F79EFBC}") = "Oculus.VR", "Oculus.VR.csproj", "{4e9b5d78-5fe1-036a-298f-04bd3aea7841}"
EndProject
Project("{FAE04EC0-301F-11D3-BF4B-00C04F79EFBC}") = "VoiceSDK.Dictation.Runtime", "VoiceSDK.Dictation.Runtime.csproj", "{d28b4f93-3881-4d53-d71e-e711c6fb178e}"
EndProject
Project("{FAE04EC0-301F-11D3-BF4B-00C04F79EFBC}") = "Meta.WitAi.TTS", "Meta.WitAi.TTS.csproj", "{c9958e41-c16f-4a18-65cf-18e6148c58ed}"
EndProject
Project("{FAE04EC0-301F-11D3-BF4B-00C04F79EFBC}") = "Oculus.AudioManager", "Oculus.AudioManager.csproj", "{41601c55-a6de-382c-b114-4442e518dcef}"
EndProject
Project("{FAE04EC0-301F-11D3-BF4B-00C04F79EFBC}") = "VoiceSDK.Runtime", "VoiceSDK.Runtime.csproj", "{78a31466-7490-df76-da01-8c6b229ad51a}"
EndProject
Project("{FAE04EC0-301F-11D3-BF4B-00C04F79EFBC}") = "Facebook.Wit.Dictation", "Facebook.Wit.Dictation.csproj", "{c21687ce-70b2-39dc-640a-ee444c162028}"
EndProject
Project("{FAE04EC0-301F-11D3-BF4B-00C04F79EFBC}") = "Meta.WitAi.TTS.Samples", "Meta.WitAi.TTS.Samples.csproj", "{75d35a0d-8579-7e94-8bf8-e7655f20565a}"
EndProject
Project("{FAE04EC0-301F-11D3-BF4B-00C04F79EFBC}") = "Oculus.Voice.Demo", "Oculus.Voice.Demo.csproj", "{bb6e73d2-7579-2c71-5a9f-01d01c2f81d1}"
EndProject
Project("{FAE04EC0-301F-11D3-BF4B-00C04F79EFBC}") = "Meta.WitAi.Lib", "Meta.WitAi.Lib.csproj", "{52e72ffc-a6d2-e331-c53a-39912aac31b7}"
EndProject
Project("{FAE04EC0-301F-11D3-BF4B-00C04F79EFBC}") = "Oculus.Interaction.OVR", "Oculus.Interaction.OVR.csproj", "{de2b2e74-d7e2-23eb-d3f6-eb3f73c0442f}"
EndProject
Project("{FAE04EC0-301F-11D3-BF4B-00C04F79EFBC}") = "AssistantCoreSDKRuntime", "AssistantCoreSDKRuntime.csproj", "{ec406a1b-55ed-0801-601e-67c97d95bd8c}"
EndProject
Project("{FAE04EC0-301F-11D3-BF4B-00C04F79EFBC}") = "Meta.WitAi.Conduit", "Meta.WitAi.Conduit.csproj", "{92888e1c-e067-8c42-0262-be964d3a67d6}"
EndProject
Project("{FAE04EC0-301F-11D3-BF4B-00C04F79EFBC}") = "Oculus.LipSync", "Oculus.LipSync.csproj", "{34c5a9bb-3004-d586-08d6-8ea65b1d372e}"
EndProject
Project("{FAE04EC0-301F-11D3-BF4B-00C04F79EFBC}") = "Meta.VoiceSDK.Mic.Other", "Meta.VoiceSDK.Mic.Other.csproj", "{181d512d-0491-9755-7bbf-251e19ee9193}"
EndProject
Project("{FAE04EC0-301F-11D3-BF4B-00C04F79EFBC}") = "Meta.VoiceSDK.Mic.Common", "Meta.VoiceSDK.Mic.Common.csproj", "{847aaacb-53ea-3633-8db1-d4bc3c5d9a7e}"
EndProject
Project("{FAE04EC0-301F-11D3-BF4B-00C04F79EFBC}") = "Meta.WitAi.Editor", "Meta.WitAi.Editor.csproj", "{b4a12732-f24f-0801-bbfb-a9bf2626cdc7}"
EndProject
Project("{FAE04EC0-301F-11D3-BF4B-00C04F79EFBC}") = "Meta.WitAi.Conduit.Editor", "Meta.WitAi.Conduit.Editor.csproj", "{b4612ec0-cfcc-36db-db37-3fa1a359013b}"
EndProject
Project("{FAE04EC0-301F-11D3-BF4B-00C04F79EFBC}") = "Oculus.Interaction.Editor", "Oculus.Interaction.Editor.csproj", "{03fb321d-3ba7-6091-c3c9-b82ba1048f50}"
EndProject
Project("{FAE04EC0-301F-11D3-BF4B-00C04F79EFBC}") = "Meta.WitAI.Lib.Editor", "Meta.WitAI.Lib.Editor.csproj", "{06c5454d-b2d8-d93b-663f-936d112d3e90}"
EndProject
Project("{FAE04EC0-301F-11D3-BF4B-00C04F79EFBC}") = "Oculus.VR.Editor", "Oculus.VR.Editor.csproj", "{2f134eec-815c-bcd8-e58a-1125acf52487}"
EndProject
Project("{FAE04EC0-301F-11D3-BF4B-00C04F79EFBC}") = "Oculus.Interaction.OVR.Editor", "Oculus.Interaction.OVR.Editor.csproj", "{b7e1ec6d-559a-7d8d-5f01-d971e1e98230}"
EndProject
Project("{FAE04EC0-301F-11D3-BF4B-00C04F79EFBC}") = "Assembly-CSharp-Editor", "Assembly-CSharp-Editor.csproj", "{89d2a359-2020-288f-2d30-02034df32f87}"
EndProject
Project("{FAE04EC0-301F-11D3-BF4B-00C04F79EFBC}") = "Oculus.Interaction.Samples.Editor", "Oculus.Interaction.Samples.Editor.csproj", "{bb35411c-aca0-e5b7-f0bb-b04c93fbc9d8}"
EndProject
Project("{FAE04EC0-301F-11D3-BF4B-00C04F79EFBC}") = "Oculus.VR.Scripts.Editor", "Oculus.VR.Scripts.Editor.csproj", "{adb47389-52a7-1be9-fde1-ca9e19f1f70c}"
EndProject
Project("{FAE04EC0-301F-11D3-BF4B-00C04F79EFBC}") = "VoiceSDK.Editor", "VoiceSDK.Editor.csproj", "{426f267d-acd3-85a4-3d9f-57363792f9f5}"
EndProject
Project("{FAE04EC0-301F-11D3-BF4B-00C04F79EFBC}") = "Oculus.Spatializer.Editor", "Oculus.Spatializer.Editor.csproj", "{f2ff8f22-7d91-626a-bd47-0f74e37de27f}"
EndProject
Project("{FAE04EC0-301F-11D3-BF4B-00C04F79EFBC}") = "Meta.WitAi.TTS.Editor", "Meta.WitAi.TTS.Editor.csproj", "{4a0862c2-168d-d2a3-936f-ad80ee11556f}"
EndProject
Project("{FAE04EC0-301F-11D3-BF4B-00C04F79EFBC}") = "Facebook.Wit.Dictation.Editor", "Facebook.Wit.Dictation.Editor.csproj", "{0125eaac-e63c-fda4-fb14-4d10bc09c6c7}"
EndProject
Project("{FAE04EC0-301F-11D3-BF4B-00C04F79EFBC}") = "VoiceSDK.Dictation.Editor", "VoiceSDK.Dictation.Editor.csproj", "{74011f69-e581-f5ca-0c39-397cef78a23a}"
EndProject
Project("{FAE04EC0-301F-11D3-BF4B-00C04F79EFBC}") = "Oculus.Platform.Editor", "Oculus.Platform.Editor.csproj", "{a4d65c6e-919a-d6d5-4eee-321ab8e9b318}"
EndProject
Project("{FAE04EC0-301F-11D3-BF4B-00C04F79EFBC}") = "Oculus.AudioManager.Audio.Editor", "Oculus.AudioManager.Audio.Editor.csproj", "{bd457615-84ef-d2f4-ed65-0b818ca6cf3c}"
EndProject
Project("{FAE04EC0-301F-11D3-BF4B-00C04F79EFBC}") = "Oculus.Interaction.InterfaceSupport", "Oculus.Interaction.InterfaceSupport.csproj", "{e35812aa-9c58-6efa-a60f-28bd4a7023d6}"
EndProject
Project("{FAE04EC0-301F-11D3-BF4B-00C04F79EFBC}") = "Oculus.LipSync.Editor", "Oculus.LipSync.Editor.csproj", "{9e2f2139-4ac4-5b30-f6e2-fb0d34edd896}"
EndProject
Project("{FAE04EC0-301F-11D3-BF4B-00C04F79EFBC}") = "AssistantCoreSDKEditor", "AssistantCoreSDKEditor.csproj", "{e814379e-aa14-3afe-0816-bb1b742c36e5}"
EndProject
Project("{FAE04EC0-301F-11D3-BF4B-00C04F79EFBC}") = "Oculus.AudioManager.Utils.Editor", "Oculus.AudioManager.Utils.Editor.csproj", "{bc2ba51d-68db-79d7-e36a-4cbb5071d554}"
EndProject
Global
	GlobalSection(SolutionConfigurationPlatforms) = preSolution
		Debug|Any CPU = Debug|Any CPU
	EndGlobalSection
	GlobalSection(ProjectConfigurationPlatforms) = postSolution
		{0341c32e-ff6a-7bdd-eaf2-9b7b8f7c1d3b}.Debug|Any CPU.ActiveCfg = Debug|Any CPU
		{0341c32e-ff6a-7bdd-eaf2-9b7b8f7c1d3b}.Debug|Any CPU.Build.0 = Debug|Any CPU
		{ade8dcbf-c5af-881d-b509-be68ffdf361d}.Debug|Any CPU.ActiveCfg = Debug|Any CPU
		{ade8dcbf-c5af-881d-b509-be68ffdf361d}.Debug|Any CPU.Build.0 = Debug|Any CPU
		{85350a29-5c82-5af1-381a-5f9a42b1df64}.Debug|Any CPU.ActiveCfg = Debug|Any CPU
		{85350a29-5c82-5af1-381a-5f9a42b1df64}.Debug|Any CPU.Build.0 = Debug|Any CPU
		{009fc6fc-6875-5d42-6eb7-67617fa0d205}.Debug|Any CPU.ActiveCfg = Debug|Any CPU
		{009fc6fc-6875-5d42-6eb7-67617fa0d205}.Debug|Any CPU.Build.0 = Debug|Any CPU
		{b6307ea5-7f1b-f1bf-ec4d-e29114b9b518}.Debug|Any CPU.ActiveCfg = Debug|Any CPU
		{b6307ea5-7f1b-f1bf-ec4d-e29114b9b518}.Debug|Any CPU.Build.0 = Debug|Any CPU
		{5dd2c893-5016-d039-a4f6-62b9bf6c4668}.Debug|Any CPU.ActiveCfg = Debug|Any CPU
		{5dd2c893-5016-d039-a4f6-62b9bf6c4668}.Debug|Any CPU.Build.0 = Debug|Any CPU
		{4e9b5d78-5fe1-036a-298f-04bd3aea7841}.Debug|Any CPU.ActiveCfg = Debug|Any CPU
		{4e9b5d78-5fe1-036a-298f-04bd3aea7841}.Debug|Any CPU.Build.0 = Debug|Any CPU
		{d28b4f93-3881-4d53-d71e-e711c6fb178e}.Debug|Any CPU.ActiveCfg = Debug|Any CPU
		{d28b4f93-3881-4d53-d71e-e711c6fb178e}.Debug|Any CPU.Build.0 = Debug|Any CPU
		{c9958e41-c16f-4a18-65cf-18e6148c58ed}.Debug|Any CPU.ActiveCfg = Debug|Any CPU
		{c9958e41-c16f-4a18-65cf-18e6148c58ed}.Debug|Any CPU.Build.0 = Debug|Any CPU
		{41601c55-a6de-382c-b114-4442e518dcef}.Debug|Any CPU.ActiveCfg = Debug|Any CPU
		{41601c55-a6de-382c-b114-4442e518dcef}.Debug|Any CPU.Build.0 = Debug|Any CPU
		{78a31466-7490-df76-da01-8c6b229ad51a}.Debug|Any CPU.ActiveCfg = Debug|Any CPU
		{78a31466-7490-df76-da01-8c6b229ad51a}.Debug|Any CPU.Build.0 = Debug|Any CPU
		{c21687ce-70b2-39dc-640a-ee444c162028}.Debug|Any CPU.ActiveCfg = Debug|Any CPU
		{c21687ce-70b2-39dc-640a-ee444c162028}.Debug|Any CPU.Build.0 = Debug|Any CPU
		{75d35a0d-8579-7e94-8bf8-e7655f20565a}.Debug|Any CPU.ActiveCfg = Debug|Any CPU
		{75d35a0d-8579-7e94-8bf8-e7655f20565a}.Debug|Any CPU.Build.0 = Debug|Any CPU
		{bb6e73d2-7579-2c71-5a9f-01d01c2f81d1}.Debug|Any CPU.ActiveCfg = Debug|Any CPU
		{bb6e73d2-7579-2c71-5a9f-01d01c2f81d1}.Debug|Any CPU.Build.0 = Debug|Any CPU
		{52e72ffc-a6d2-e331-c53a-39912aac31b7}.Debug|Any CPU.ActiveCfg = Debug|Any CPU
		{52e72ffc-a6d2-e331-c53a-39912aac31b7}.Debug|Any CPU.Build.0 = Debug|Any CPU
		{de2b2e74-d7e2-23eb-d3f6-eb3f73c0442f}.Debug|Any CPU.ActiveCfg = Debug|Any CPU
		{de2b2e74-d7e2-23eb-d3f6-eb3f73c0442f}.Debug|Any CPU.Build.0 = Debug|Any CPU
		{ec406a1b-55ed-0801-601e-67c97d95bd8c}.Debug|Any CPU.ActiveCfg = Debug|Any CPU
		{ec406a1b-55ed-0801-601e-67c97d95bd8c}.Debug|Any CPU.Build.0 = Debug|Any CPU
		{92888e1c-e067-8c42-0262-be964d3a67d6}.Debug|Any CPU.ActiveCfg = Debug|Any CPU
		{92888e1c-e067-8c42-0262-be964d3a67d6}.Debug|Any CPU.Build.0 = Debug|Any CPU
		{34c5a9bb-3004-d586-08d6-8ea65b1d372e}.Debug|Any CPU.ActiveCfg = Debug|Any CPU
		{34c5a9bb-3004-d586-08d6-8ea65b1d372e}.Debug|Any CPU.Build.0 = Debug|Any CPU
		{181d512d-0491-9755-7bbf-251e19ee9193}.Debug|Any CPU.ActiveCfg = Debug|Any CPU
		{181d512d-0491-9755-7bbf-251e19ee9193}.Debug|Any CPU.Build.0 = Debug|Any CPU
		{847aaacb-53ea-3633-8db1-d4bc3c5d9a7e}.Debug|Any CPU.ActiveCfg = Debug|Any CPU
		{847aaacb-53ea-3633-8db1-d4bc3c5d9a7e}.Debug|Any CPU.Build.0 = Debug|Any CPU
		{b4a12732-f24f-0801-bbfb-a9bf2626cdc7}.Debug|Any CPU.ActiveCfg = Debug|Any CPU
		{b4a12732-f24f-0801-bbfb-a9bf2626cdc7}.Debug|Any CPU.Build.0 = Debug|Any CPU
		{b4612ec0-cfcc-36db-db37-3fa1a359013b}.Debug|Any CPU.ActiveCfg = Debug|Any CPU
		{b4612ec0-cfcc-36db-db37-3fa1a359013b}.Debug|Any CPU.Build.0 = Debug|Any CPU
		{03fb321d-3ba7-6091-c3c9-b82ba1048f50}.Debug|Any CPU.ActiveCfg = Debug|Any CPU
		{03fb321d-3ba7-6091-c3c9-b82ba1048f50}.Debug|Any CPU.Build.0 = Debug|Any CPU
		{06c5454d-b2d8-d93b-663f-936d112d3e90}.Debug|Any CPU.ActiveCfg = Debug|Any CPU
		{06c5454d-b2d8-d93b-663f-936d112d3e90}.Debug|Any CPU.Build.0 = Debug|Any CPU
		{2f134eec-815c-bcd8-e58a-1125acf52487}.Debug|Any CPU.ActiveCfg = Debug|Any CPU
		{2f134eec-815c-bcd8-e58a-1125acf52487}.Debug|Any CPU.Build.0 = Debug|Any CPU
		{b7e1ec6d-559a-7d8d-5f01-d971e1e98230}.Debug|Any CPU.ActiveCfg = Debug|Any CPU
		{b7e1ec6d-559a-7d8d-5f01-d971e1e98230}.Debug|Any CPU.Build.0 = Debug|Any CPU
		{89d2a359-2020-288f-2d30-02034df32f87}.Debug|Any CPU.ActiveCfg = Debug|Any CPU
		{89d2a359-2020-288f-2d30-02034df32f87}.Debug|Any CPU.Build.0 = Debug|Any CPU
		{bb35411c-aca0-e5b7-f0bb-b04c93fbc9d8}.Debug|Any CPU.ActiveCfg = Debug|Any CPU
		{bb35411c-aca0-e5b7-f0bb-b04c93fbc9d8}.Debug|Any CPU.Build.0 = Debug|Any CPU
		{adb47389-52a7-1be9-fde1-ca9e19f1f70c}.Debug|Any CPU.ActiveCfg = Debug|Any CPU
		{adb47389-52a7-1be9-fde1-ca9e19f1f70c}.Debug|Any CPU.Build.0 = Debug|Any CPU
		{426f267d-acd3-85a4-3d9f-57363792f9f5}.Debug|Any CPU.ActiveCfg = Debug|Any CPU
		{426f267d-acd3-85a4-3d9f-57363792f9f5}.Debug|Any CPU.Build.0 = Debug|Any CPU
		{f2ff8f22-7d91-626a-bd47-0f74e37de27f}.Debug|Any CPU.ActiveCfg = Debug|Any CPU
		{f2ff8f22-7d91-626a-bd47-0f74e37de27f}.Debug|Any CPU.Build.0 = Debug|Any CPU
		{4a0862c2-168d-d2a3-936f-ad80ee11556f}.Debug|Any CPU.ActiveCfg = Debug|Any CPU
		{4a0862c2-168d-d2a3-936f-ad80ee11556f}.Debug|Any CPU.Build.0 = Debug|Any CPU
		{0125eaac-e63c-fda4-fb14-4d10bc09c6c7}.Debug|Any CPU.ActiveCfg = Debug|Any CPU
		{0125eaac-e63c-fda4-fb14-4d10bc09c6c7}.Debug|Any CPU.Build.0 = Debug|Any CPU
		{74011f69-e581-f5ca-0c39-397cef78a23a}.Debug|Any CPU.ActiveCfg = Debug|Any CPU
		{74011f69-e581-f5ca-0c39-397cef78a23a}.Debug|Any CPU.Build.0 = Debug|Any CPU
		{a4d65c6e-919a-d6d5-4eee-321ab8e9b318}.Debug|Any CPU.ActiveCfg = Debug|Any CPU
		{a4d65c6e-919a-d6d5-4eee-321ab8e9b318}.Debug|Any CPU.Build.0 = Debug|Any CPU
		{bd457615-84ef-d2f4-ed65-0b818ca6cf3c}.Debug|Any CPU.ActiveCfg = Debug|Any CPU
		{bd457615-84ef-d2f4-ed65-0b818ca6cf3c}.Debug|Any CPU.Build.0 = Debug|Any CPU
		{e35812aa-9c58-6efa-a60f-28bd4a7023d6}.Debug|Any CPU.ActiveCfg = Debug|Any CPU
		{e35812aa-9c58-6efa-a60f-28bd4a7023d6}.Debug|Any CPU.Build.0 = Debug|Any CPU
		{9e2f2139-4ac4-5b30-f6e2-fb0d34edd896}.Debug|Any CPU.ActiveCfg = Debug|Any CPU
		{9e2f2139-4ac4-5b30-f6e2-fb0d34edd896}.Debug|Any CPU.Build.0 = Debug|Any CPU
		{e814379e-aa14-3afe-0816-bb1b742c36e5}.Debug|Any CPU.ActiveCfg = Debug|Any CPU
		{e814379e-aa14-3afe-0816-bb1b742c36e5}.Debug|Any CPU.Build.0 = Debug|Any CPU
		{bc2ba51d-68db-79d7-e36a-4cbb5071d554}.Debug|Any CPU.ActiveCfg = Debug|Any CPU
		{bc2ba51d-68db-79d7-e36a-4cbb5071d554}.Debug|Any CPU.Build.0 = Debug|Any CPU
	EndGlobalSection
	GlobalSection(SolutionProperties) = preSolution
		HideSolutionNode = FALSE
	EndGlobalSection
EndGlobal
